hash: 2e845dc5ceb8def4799c6341fc49aedf2ec634a1108a7e262e634b4664a041d3
updated: 2019-06-17T16:42:32.418807+08:00
imports:
- name: github.com/BurntSushi/toml
  version: 3012a1dbe2e4bd1391d42b32f0577cb7bbc7f005
- name: github.com/casbin/casbin
  version: 06f40d719334c39a5d3751ca9b1d93c331cef062
- name: github.com/facebookgo/stack
  version: 751773369052141c013c6e827a71e8f35c07879c
- name: github.com/fatih/camelcase
  version: 44e46d280b43ec1531bb25252440e34f1b800b65
- name: github.com/fatih/structs
  version: 4966fc68f5b7593aafa6cbbba2d65ec6e1416047
- name: github.com/gemnasium/logrus-graylog-hook
  version: b3082031ff2ac00241f0499cafca1dfabec6b387
- name: github.com/gin-contrib/sse
  version: 5545eab6dad3bbbd6c5ae9186383c2a9d23c0dae
- name: github.com/gin-gonic/gin
  version: b75d67cd51eb53c3c3a2fc406524c940021ffbda
  subpackages:
  - binding
  - internal/json
  - render
- name: github.com/go-redis/redis
  version: 75795aa4236dc7341eefac3bbe945e68c99ef9df
  subpackages:
  - internal
  - internal/consistenthash
  - internal/hashtag
  - internal/pool
  - internal/proto
  - internal/util
- name: github.com/go-sql-driver/mysql
  version: 72cd26f257d44c1114970e19afddcd812016007e
- name: github.com/golang/protobuf
  version: e91709a02e0e8ff8b86b7aa913fdc9ae9498e825
  subpackages:
  - proto
- name: github.com/gookit/config
  version: a119c2215dd90c9ce79a2c3c85cfabbd5ddd3fd6
- name: github.com/Gurpartap/logrus-stack
  version: 89c00d8a28f43c567d92eb81a2945301a6a9fbb9
- name: github.com/imdario/mergo
  version: 7c29201646fa3de8506f701213473dd407f19646
- name: github.com/jinzhu/gorm
  version: 01b66011427614f01e84a473b0303c917179f2a0
- name: github.com/jinzhu/inflection
  version: 04140366298a54a039076d798123ffa108fff46c
- name: github.com/json-iterator/go
  version: 0ff49de124c6f76f8494e194af75bde0f1a49a29
- name: github.com/konsorten/go-windows-terminal-sequences
  version: f55edac94c9bbba5d6182a4be46d86a2c9b5b50e
- name: github.com/mattn/go-isatty
  version: c1975dc15c1d481e8da23f6ed313bb071136b98f
- name: github.com/mitchellh/mapstructure
  version: 3536a929edddb9a5b34bd6861dc4a9647cb459fe
- name: github.com/modern-go/concurrent
  version: bacd9c7ef1dd9b15be4a9909b8ac7a4e313eec94
- name: github.com/modern-go/reflect2
  version: 94122c33edd36123c84d5368cfb2b69df93a0ec8
- name: github.com/pkg/errors
  version: ba968bfe8b2f7e042a574c888954fccecfa385b4
- name: github.com/ql2005/multiconfig
  version: c8ed353c9652b273e8b50b41b1d1c284ac8b137a
- name: github.com/sirupsen/logrus
  version: 839c75faf7f98a33d445d181f3018b5c3409a45e
- name: github.com/ugorji/go
  version: 1d65431a5776db967ae5481e33b789f9ffcea0ec
  subpackages:
  - codec
- name: golang.org/x/sys
  version: 953cdadca894cdc07be76fc99f95b40c28f06623
  subpackages:
  - unix
- name: google.golang.org/appengine
  version: 54a98f90d1c46b7731eb8fb305d2a321c30ef610
  subpackages:
  - cloudsql
- name: gopkg.in/go-playground/validator.v8
  version: 5f1438d3fca68893a817e4a66806cea46a9e4ebf
- name: gopkg.in/yaml.v2
  version: 51d6538a90f86fe93ac480b35f37b2be17fef232
testImports:
- name: github.com/davecgh/go-spew
  version: d8f796af33cc11cb798c1aaeb27a4ebc5099927d
  subpackages:
  - spew
- name: github.com/pmezard/go-difflib
  version: 5d4384ee4fb2527b0a1256a821ebfc92f91efefc
  subpackages:
  - difflib
- name: github.com/stretchr/testify
  version: ffdc059bfe9ce6a4e144ba849dbedead332c6053
  subpackages:
  - assert
